{
  "name": "signaling",
  "version": "0.0.1",
  "lockfileVersion": 1,
  "requires": true,
  "dependencies": {
    "common": {
      "version": "file:../common"
    },
    "ramda": {
      "version": "0.25.0",
      "resolved": "https://registry.npmjs.org/ramda/-/ramda-0.25.0.tgz",
      "integrity": "sha512-GXpfrYVPwx3K7RQ6aYT8KPS8XViSXUVJT1ONhoKPE9VAleW42YE+U+8VEyGWt41EnEQW7gwecYJriTI0pKoecQ=="
    },
    "rtcpeerconnection-shim": {
      "version": "1.2.13",
      "resolved": "https://registry.npmjs.org/rtcpeerconnection-shim/-/rtcpeerconnection-shim-1.2.13.tgz",
      "integrity": "sha512-Xz4zQLZNs9lFBvqbaHGIjLWtyZ1V82ec5r+WNEo7NlIx3zF5M3ytn9mkkfYeZmpE032cNg3Vvf0rP8kNXUNd9w==",
      "requires": {
        "sdp": "2.7.4"
      }
    },
    "sdp": {
      "version": "2.7.4",
      "resolved": "https://registry.npmjs.org/sdp/-/sdp-2.7.4.tgz",
      "integrity": "sha512-0+wTfgvUUEGcvvFoHIC0aiGbx6gzwAUm8FkKt5Oqqkjf9mEEDLgwnoDKX7MYTGXrNNwzikVbutJ+OVNAGmJBQw=="
    },
    "webrtc-adapter": {
      "version": "6.3.0",
      "resolved": "https://registry.npmjs.org/webrtc-adapter/-/webrtc-adapter-6.3.0.tgz",
      "integrity": "sha512-WRLIEzXLCTSifhR1tqiK+HXuySLQ+8vESHBeJ0Uq5N9Eewa2hL+54fKnMqtB5sCSG7/crfntdovpp4R4ttvd8w==",
      "requires": {
        "rtcpeerconnection-shim": "1.2.13",
        "sdp": "2.7.4"
      }
    }
  }
}
