{
  "name": "signaling",
  "requires": true,
  "lockfileVersion": 1,
  "dependencies": {
    "common": {
      "version": "file:../common"
    },
    "rtcpeerconnection-shim": {
      "version": "1.2.13",
      "resolved": "https://registry.npmjs.org/rtcpeerconnection-shim/-/rtcpeerconnection-shim-1.2.13.tgz",
      "integrity": "sha512-Xz4zQLZNs9lFBvqbaHGIjLWtyZ1V82ec5r+WNEo7NlIx3zF5M3ytn9mkkfYeZmpE032cNg3Vvf0rP8kNXUNd9w==",
      "requires": {
        "sdp": "^2.6.0"
      }
    },
    "sdp": {
      "version": "2.7.4",
      "resolved": "https://registry.npmjs.org/sdp/-/sdp-2.7.4.tgz",
      "integrity": "sha512-0+wTfgvUUEGcvvFoHIC0aiGbx6gzwAUm8FkKt5Oqqkjf9mEEDLgwnoDKX7MYTGXrNNwzikVbutJ+OVNAGmJBQw=="
    },
    "webrtc-adapter": {
      "version": "6.3.0",
      "resolved": "https://registry.npmjs.org/webrtc-adapter/-/webrtc-adapter-6.3.0.tgz",
      "integrity": "sha512-WRLIEzXLCTSifhR1tqiK+HXuySLQ+8vESHBeJ0Uq5N9Eewa2hL+54fKnMqtB5sCSG7/crfntdovpp4R4ttvd8w==",
      "requires": {
        "rtcpeerconnection-shim": "^1.2.10",
        "sdp": "^2.7.0"
      }
    }
  }
}
